
Microsoft Visual Studio Solution File, Format Version 12.00
# Visual Studio Version 17
VisualStudioVersion = 17.3.32922.545
MinimumVisualStudioVersion = 10.0.40219.1
Project("{FAE04EC0-301F-11D3-BF4B-00C04F79EFBC}") = "StorApp", "StorApp\StorApp.csproj", "{1876F7BF-452E-48A6-898E-721D0F3E6961}"
EndProject
Global
	GlobalSection(SolutionConfigurationPlatforms) = preSolution
		Debug|Any CPU = Debug|Any CPU
		Release|Any CPU = Release|Any CPU
	EndGlobalSection
	GlobalSection(ProjectConfigurationPlatforms) = postSolution
		{1876F7BF-452E-48A6-898E-721D0F3E6961}.Debug|Any CPU.ActiveCfg = Debug|Any CPU
		{1876F7BF-452E-48A6-898E-721D0F3E6961}.Debug|Any CPU.Build.0 = Debug|Any CPU
		{1876F7BF-452E-48A6-898E-721D0F3E6961}.Release|Any CPU.ActiveCfg = Release|Any CPU
		{1876F7BF-452E-48A6-898E-721D0F3E6961}.Release|Any CPU.Build.0 = Release|Any CPU
	EndGlobalSection
	GlobalSection(SolutionProperties) = preSolution
		HideSolutionNode = FALSE
	EndGlobalSection
	GlobalSection(ExtensibilityGlobals) = postSolution
		SolutionGuid = {BF5D0888-A091-407F-886F-9B8A8C28FC4F}
	EndGlobalSection
EndGlobal
